
Microsoft Visual Studio Solution File, Format Version 12.00
# Visual Studio Version 17
VisualStudioVersion = 17.5.33502.453
MinimumVisualStudioVersion = 10.0.40219.1
Project("{FAE04EC0-301F-11D3-BF4B-00C04F79EFBC}") = "Lab1_Bai3", "Lab1_Bai3\Lab1_Bai3.csproj", "{83FC98E9-D6FE-45B8-914B-AC5EF02E97D8}"
EndProject
Global
	GlobalSection(SolutionConfigurationPlatforms) = preSolution
		Debug|Any CPU = Debug|Any CPU
		Release|Any CPU = Release|Any CPU
	EndGlobalSection
	GlobalSection(ProjectConfigurationPlatforms) = postSolution
		{83FC98E9-D6FE-45B8-914B-AC5EF02E97D8}.Debug|Any CPU.ActiveCfg = Debug|Any CPU
		{83FC98E9-D6FE-45B8-914B-AC5EF02E97D8}.Debug|Any CPU.Build.0 = Debug|Any CPU
		{83FC98E9-D6FE-45B8-914B-AC5EF02E97D8}.Release|Any CPU.ActiveCfg = Release|Any CPU
		{83FC98E9-D6FE-45B8-914B-AC5EF02E97D8}.Release|Any CPU.Build.0 = Release|Any CPU
	EndGlobalSection
	GlobalSection(SolutionProperties) = preSolution
		HideSolutionNode = FALSE
	EndGlobalSection
	GlobalSection(ExtensibilityGlobals) = postSolution
		SolutionGuid = {D104601F-C152-41C8-99E0-A08549C83F29}
	EndGlobalSection
EndGlobal
